<?xml version="1.0" encoding="utf-8"?>
<Project ToolsVersion="4.0" xmlns="http://schemas.microsoft.com/developer/msbuild/2003">
  <ItemGroup>
    <Filter Include="Source Files">
      <UniqueIdentifier>{4FC737F1-C7A5-4376-A066-2A32D752A2FF}</UniqueIdentifier>
      <Extensions>cpp;c;cc;cxx;def;odl;idl;hpj;bat;asm;asmx</Extensions>
    </Filter>
    <Filter Include="Header Files">
      <UniqueIdentifier>{93995380-89BD-4b04-88EB-625FBE52EBFB}</UniqueIdentifier>
      <Extensions>h;hh;hpp;hxx;hm;inl;inc;xsd</Extensions>
    </Filter>
    <Filter Include="Resource Files">
      <UniqueIdentifier>{67DA6AB6-F800-4c08-8B7A-83BB121AAD01}</UniqueIdentifier>
      <Extensions>rc;ico;cur;bmp;dlg;rc2;rct;bin;rgs;gif;jpg;jpeg;jpe;resx;tiff;tif;png;wav;mfcribbon-ms</Extensions>
    </Filter>
    <Filter Include="Include">
      <UniqueIdentifier>{e3a429d8-660e-4358-83a6-d4a59d0cc1be}</UniqueIdentifier>
    </Filter>
  </ItemGroup>
  <ItemGroup>
    <ClInclude Include="stdafx.h">
      <Filter>Header Files</Filter>
    </ClInclude>
    <ClInclude Include="targetver.h">
      <Filter>Header Files</Filter>
    </ClInclude>
    <ClInclude Include="BrushVb.h">
      <Filter>Header Files</Filter>
    </ClInclude>
    <ClInclude Include="BrushXml.h">
      <Filter>Header Files</Filter>
    </ClInclude>
    <ClInclude Include="Pattern.h">
      <Filter>Header Files</Filter>
    </ClInclude>
    <ClInclude Include="RegExpRule.h">
      <Filter>Header Files</Filter>
    </ClInclude>
    <ClInclude Include="BrushAppleScript.h">
      <Filter>Header Files</Filter>
    </ClInclude>
    <ClInclude Include="BrushAS3.h">
      <Filter>Header Files</Filter>
    </ClInclude>
    <ClInclude Include="BrushBash.h">
      <Filter>Header Files</Filter>
    </ClInclude>
    <ClInclude Include="BrushBatch.h">
      <Filter>Header Files</Filter>
    </ClInclude>
    <ClInclude Include="BrushColdFusion.h">
      <Filter>Header Files</Filter>
    </ClInclude>
    <ClInclude Include="BrushCpp.h">
      <Filter>Header Files</Filter>
    </ClInclude>
    <ClInclude Include="BrushCSharp.h">
      <Filter>Header Files</Filter>
    </ClInclude>
    <ClInclude Include="BrushCss.h">
      <Filter>Header Files</Filter>
    </ClInclude>
    <ClInclude Include="BrushDelphi.h">
      <Filter>Header Files</Filter>
    </ClInclude>
    <ClInclude Include="BrushDiff.h">
      <Filter>Header Files</Filter>
    </ClInclude>
    <ClInclude Include="BrushErlang.h">
      <Filter>Header Files</Filter>
    </ClInclude>
    <ClInclude Include="BrushGroovy.h">
      <Filter>Header Files</Filter>
    </ClInclude>
    <ClInclude Include="BrushIni.h">
      <Filter>Header Files</Filter>
    </ClInclude>
    <ClInclude Include="BrushJava.h">
      <Filter>Header Files</Filter>
    </ClInclude>
    <ClInclude Include="BrushJavaFX.h">
      <Filter>Header Files</Filter>
    </ClInclude>
    <ClInclude Include="BrushJScript.h">
      <Filter>Header Files</Filter>
    </ClInclude>
    <ClInclude Include="BrushPerl.h">
      <Filter>Header Files</Filter>
    </ClInclude>
    <ClInclude Include="BrushPhp.h">
      <Filter>Header Files</Filter>
    </ClInclude>
    <ClInclude Include="BrushPlain.h">
      <Filter>Header Files</Filter>
    </ClInclude>
    <ClInclude Include="BrushPowerShell.h">
      <Filter>Header Files</Filter>
    </ClInclude>
    <ClInclude Include="BrushPython.h">
      <Filter>Header Files</Filter>
    </ClInclude>
    <ClInclude Include="BrushRuby.h">
      <Filter>Header Files</Filter>
    </ClInclude>
    <ClInclude Include="BrushSass.h">
      <Filter>Header Files</Filter>
    </ClInclude>
    <ClInclude Include="BrushScala.h">
      <Filter>Header Files</Filter>
    </ClInclude>
    <ClInclude Include="BrushSql.h">
      <Filter>Header Files</Filter>
    </ClInclude>
    <ClInclude Include="include\SyntaxHighlighter.h">
      <Filter>Include</Filter>
    </ClInclude>
    <ClInclude Include="include\SyntaxHighlighterBrushes.h">
      <Filter>Include</Filter>
    </ClInclude>
    <ClInclude Include="include\Brush.h">
      <Filter>Include</Filter>
    </ClInclude>
    <ClInclude Include="include\Range.h">
      <Filter>Include</Filter>
    </ClInclude>
  </ItemGroup>
  <ItemGroup>
    <ClCompile Include="stdafx.cpp">
      <Filter>Source Files</Filter>
    </ClCompile>
    <ClCompile Include="RegExpRule.cpp">
      <Filter>Source Files</Filter>
    </ClCompile>
    <ClCompile Include="Brush.cpp">
      <Filter>Source Files</Filter>
    </ClCompile>
    <ClCompile Include="Pattern.cpp">
      <Filter>Source Files</Filter>
    </ClCompile>
    <ClCompile Include="SyntaxHighlighter.cpp">
      <Filter>Source Files</Filter>
    </ClCompile>
  </ItemGroup>
</Project>